
Microsoft Visual Studio Solution File, Format Version 12.00
# Visual Studio Version 17
VisualStudioVersion = 17.1.32407.343
MinimumVisualStudioVersion = 10.0.40219.1
Project("{FAE04EC0-301F-11D3-BF4B-00C04F79EFBC}") = "JWT.TokenV2", "JWT.TokenV2\JWT.TokenV2.csproj", "{386C9E47-09B6-4CC7-B533-C8A8309000C2}"
EndProject
Global
	GlobalSection(SolutionConfigurationPlatforms) = preSolution
		Debug|Any CPU = Debug|Any CPU
		Release|Any CPU = Release|Any CPU
	EndGlobalSection
	GlobalSection(ProjectConfigurationPlatforms) = postSolution
		{386C9E47-09B6-4CC7-B533-C8A8309000C2}.Debug|Any CPU.ActiveCfg = Debug|Any CPU
		{386C9E47-09B6-4CC7-B533-C8A8309000C2}.Debug|Any CPU.Build.0 = Debug|Any CPU
		{386C9E47-09B6-4CC7-B533-C8A8309000C2}.Release|Any CPU.ActiveCfg = Release|Any CPU
		{386C9E47-09B6-4CC7-B533-C8A8309000C2}.Release|Any CPU.Build.0 = Release|Any CPU
	EndGlobalSection
	GlobalSection(SolutionProperties) = preSolution
		HideSolutionNode = FALSE
	EndGlobalSection
	GlobalSection(ExtensibilityGlobals) = postSolution
		SolutionGuid = {702C0487-F66D-40B7-8A62-6BC83B46F865}
	EndGlobalSection
EndGlobal
